{
  "name": "Fleuriste",
  "lockfileVersion": 2,
  "requires": true,
  "packages": {
    "": {
      "dependencies": {
        "slider": "^1.0.4"
      }
    },
    "node_modules/bean": {
      "version": "1.0.15",
      "resolved": "https://registry.npmjs.org/bean/-/bean-1.0.15.tgz",
      "integrity": "sha1-tKn/+CYYsHFHFnbIsZCGgEjDR3U="
    },
    "node_modules/bonzo": {
      "version": "2.0.0",
      "resolved": "https://registry.npmjs.org/bonzo/-/bonzo-2.0.0.tgz",
      "integrity": "sha1-qHFhgSCsti2JEmg3f/+AkWLRWaA="
    },
    "node_modules/domready": {
      "version": "1.0.8",
      "resolved": "https://registry.npmjs.org/domready/-/domready-1.0.8.tgz",
      "integrity": "sha1-kfJS5Ze2Wvd+dFriTdAYXV4m1Yw="
    },
    "node_modules/emile": {
      "version": "1.0.5",
      "resolved": "https://registry.npmjs.org/emile/-/emile-1.0.5.tgz",
      "integrity": "sha1-zrgKNYR95Yj5+K8VN8/k/nOjikI=",
      "engines": {
        "node": "*"
      }
    },
    "node_modules/jeesh": {
      "version": "0.0.6",
      "resolved": "https://registry.npmjs.org/jeesh/-/jeesh-0.0.6.tgz",
      "integrity": "sha1-3faNXigxXQ9ogyc5Iy1pXlqC/Oo=",
      "dependencies": {
        "bean": "*",
        "bonzo": "*",
        "domready": "*",
        "qwery": "*"
      },
      "engines": {
        "node": ">= 0.4.0"
      }
    },
    "node_modules/qwery": {
      "version": "4.0.0",
      "resolved": "https://registry.npmjs.org/qwery/-/qwery-4.0.0.tgz",
      "integrity": "sha1-fSHjtPfp7tfmhyj02rTei3MD/r4="
    },
    "node_modules/slider": {
      "version": "1.0.4",
      "resolved": "https://registry.npmjs.org/slider/-/slider-1.0.4.tgz",
      "integrity": "sha1-HOglw7rHIwiuTVYoI1xNDRaI7OI=",
      "dependencies": {
        "emile": "*",
        "jeesh": "*"
      }
    }
  },
  "dependencies": {
    "bean": {
      "version": "1.0.15",
      "resolved": "https://registry.npmjs.org/bean/-/bean-1.0.15.tgz",
      "integrity": "sha1-tKn/+CYYsHFHFnbIsZCGgEjDR3U="
    },
    "bonzo": {
      "version": "2.0.0",
      "resolved": "https://registry.npmjs.org/bonzo/-/bonzo-2.0.0.tgz",
      "integrity": "sha1-qHFhgSCsti2JEmg3f/+AkWLRWaA="
    },
    "domready": {
      "version": "1.0.8",
      "resolved": "https://registry.npmjs.org/domready/-/domready-1.0.8.tgz",
      "integrity": "sha1-kfJS5Ze2Wvd+dFriTdAYXV4m1Yw="
    },
    "emile": {
      "version": "1.0.5",
      "resolved": "https://registry.npmjs.org/emile/-/emile-1.0.5.tgz",
      "integrity": "sha1-zrgKNYR95Yj5+K8VN8/k/nOjikI="
    },
    "jeesh": {
      "version": "0.0.6",
      "resolved": "https://registry.npmjs.org/jeesh/-/jeesh-0.0.6.tgz",
      "integrity": "sha1-3faNXigxXQ9ogyc5Iy1pXlqC/Oo=",
      "requires": {
        "bean": "*",
        "bonzo": "*",
        "domready": "*",
        "qwery": "*"
      }
    },
    "qwery": {
      "version": "4.0.0",
      "resolved": "https://registry.npmjs.org/qwery/-/qwery-4.0.0.tgz",
      "integrity": "sha1-fSHjtPfp7tfmhyj02rTei3MD/r4="
    },
    "slider": {
      "version": "1.0.4",
      "resolved": "https://registry.npmjs.org/slider/-/slider-1.0.4.tgz",
      "integrity": "sha1-HOglw7rHIwiuTVYoI1xNDRaI7OI=",
      "requires": {
        "emile": "*",
        "jeesh": "*"
      }
    }
  }
}
